// !$*UTF8*$!
{
	archiveVersion = 1;
	classes = {
	};
	objectVersion = 46;
	objects = {

/* Begin PBXBuildFile section */
		AA1DCEA61C87E0470088DD27 /* AppDelegate.swift in Sources */ = {isa = PBXBuildFile; fileRef = AA1DCEA51C87E0470088DD27 /* AppDelegate.swift */; };
		AA1DCEA81C87E0470088DD27 /* CardsViewController.swift in Sources */ = {isa = PBXBuildFile; fileRef = AA1DCEA71C87E0470088DD27 /* CardsViewController.swift */; };
		AA1DCEAB1C87E0470088DD27 /* Main.storyboard in Resources */ = {isa = PBXBuildFile; fileRef = AA1DCEA91C87E0470088DD27 /* Main.storyboard */; };
		AA1DCEAD1C87E0470088DD27 /* Assets.xcassets in Resources */ = {isa = PBXBuildFile; fileRef = AA1DCEAC1C87E0470088DD27 /* Assets.xcassets */; };
		AA1DCEB01C87E0470088DD27 /* LaunchScreen.storyboard in Resources */ = {isa = PBXBuildFile; fileRef = AA1DCEAE1C87E0470088DD27 /* LaunchScreen.storyboard */; };
		AA1DCEBA1C87E6F70088DD27 /* DraggableImageView.swift in Sources */ = {isa = PBXBuildFile; fileRef = AA1DCEB91C87E6F70088DD27 /* DraggableImageView.swift */; };
		AA1DCEBC1C87E88A0088DD27 /* DraggableImageView.xib in Resources */ = {isa = PBXBuildFile; fileRef = AA1DCEBB1C87E88A0088DD27 /* DraggableImageView.xib */; };
		AA1DCEBF1C87F3340088DD27 /* ProfileViewController.swift in Sources */ = {isa = PBXBuildFile; fileRef = AA1DCEBD1C87F3340088DD27 /* ProfileViewController.swift */; };
		AA1DCEC01C87F3340088DD27 /* ProfileViewController.xib in Resources */ = {isa = PBXBuildFile; fileRef = AA1DCEBE1C87F3340088DD27 /* ProfileViewController.xib */; };
/* End PBXBuildFile section */

/* Begin PBXFileReference section */
		AA1DCEA21C87E0470088DD27 /* Tinder.app */ = {isa = PBXFileReference; explicitFileType = wrapper.application; includeInIndex = 0; path = Tinder.app; sourceTree = BUILT_PRODUCTS_DIR; };
		AA1DCEA51C87E0470088DD27 /* AppDelegate.swift */ = {isa = PBXFileReference; lastKnownFileType = sourcecode.swift; path = AppDelegate.swift; sourceTree = "<group>"; };
		AA1DCEA71C87E0470088DD27 /* CardsViewController.swift */ = {isa = PBXFileReference; lastKnownFileType = sourcecode.swift; path = CardsViewController.swift; sourceTree = "<group>"; };
		AA1DCEAA1C87E0470088DD27 /* Base */ = {isa = PBXFileReference; lastKnownFileType = file.storyboard; name = Base; path = Base.lproj/Main.storyboard; sourceTree = "<group>"; };
		AA1DCEAC1C87E0470088DD27 /* Assets.xcassets */ = {isa = PBXFileReference; lastKnownFileType = folder.assetcatalog; path = Assets.xcassets; sourceTree = "<group>"; };
		AA1DCEAF1C87E0470088DD27 /* Base */ = {isa = PBXFileReference; lastKnownFileType = file.storyboard; name = Base; path = Base.lproj/LaunchScreen.storyboard; sourceTree = "<group>"; };
		AA1DCEB11C87E0470088DD27 /* Info.plist */ = {isa = PBXFileReference; lastKnownFileType = text.plist.xml; path = Info.plist; sourceTree = "<group>"; };
		AA1DCEB91C87E6F70088DD27 /* DraggableImageView.swift */ = {isa = PBXFileReference; fileEncoding = 4; lastKnownFileType = sourcecode.swift; path = DraggableImageView.swift; sourceTree = "<group>"; };
		AA1DCEBB1C87E88A0088DD27 /* DraggableImageView.xib */ = {isa = PBXFileReference; fileEncoding = 4; lastKnownFileType = file.xib; path = DraggableImageView.xib; sourceTree = "<group>"; };
		AA1DCEBD1C87F3340088DD27 /* ProfileViewController.swift */ = {isa = PBXFileReference; fileEncoding = 4; lastKnownFileType = sourcecode.swift; path = ProfileViewController.swift; sourceTree = "<group>"; };
		AA1DCEBE1C87F3340088DD27 /* ProfileViewController.xib */ = {isa = PBXFileReference; fileEncoding = 4; lastKnownFileType = file.xib; path = ProfileViewController.xib; sourceTree = "<group>"; };
/* End PBXFileReference section */

/* Begin PBXFrameworksBuildPhase section */
		AA1DCE9F1C87E0470088DD27 /* Frameworks */ = {
			isa = PBXFrameworksBuildPhase;
			buildActionMask = 2147483647;
			files = (
			);
			runOnlyForDeploymentPostprocessing = 0;
		};
/* End PBXFrameworksBuildPhase section */

/* Begin PBXGroup section */
		AA1DCE991C87E0470088DD27 = {
			isa = PBXGroup;
			children = (
				AA1DCEA41C87E0470088DD27 /* Tinder */,
				AA1DCEA31C87E0470088DD27 /* Products */,
			);
			sourceTree = "<group>";
		};
		AA1DCEA31C87E0470088DD27 /* Products */ = {
			isa = PBXGroup;
			children = (
				AA1DCEA21C87E0470088DD27 /* Tinder.app */,
			);
			name = Products;
			sourceTree = "<group>";
		};
		AA1DCEA41C87E0470088DD27 /* Tinder */ = {
			isa = PBXGroup;
			children = (
				AA1DCEA51C87E0470088DD27 /* AppDelegate.swift */,
				AA1DCEA71C87E0470088DD27 /* CardsViewController.swift */,
				AA1DCEA91C87E0470088DD27 /* Main.storyboard */,
				AA1DCEAC1C87E0470088DD27 /* Assets.xcassets */,
				AA1DCEAE1C87E0470088DD27 /* LaunchScreen.storyboard */,
				AA1DCEB11C87E0470088DD27 /* Info.plist */,
				AA1DCEB91C87E6F70088DD27 /* DraggableImageView.swift */,
				AA1DCEBB1C87E88A0088DD27 /* DraggableImageView.xib */,
				AA1DCEBD1C87F3340088DD27 /* ProfileViewController.swift */,
				AA1DCEBE1C87F3340088DD27 /* ProfileViewController.xib */,
			);
			path = Tinder;
			sourceTree = "<group>";
		};
/* End PBXGroup section */

/* Begin PBXNativeTarget section */
		AA1DCEA11C87E0470088DD27 /* Tinder */ = {
			isa = PBXNativeTarget;
			buildConfigurationList = AA1DCEB41C87E0470088DD27 /* Build configuration list for PBXNativeTarget "Tinder" */;
			buildPhases = (
				AA1DCE9E1C87E0470088DD27 /* Sources */,
				AA1DCE9F1C87E0470088DD27 /* Frameworks */,
				AA1DCEA01C87E0470088DD27 /* Resources */,
			);
			buildRules = (
			);
			dependencies = (
			);
			name = Tinder;
			productName = Tinder;
			productReference = AA1DCEA21C87E0470088DD27 /* Tinder.app */;
			productType = "com.apple.product-type.application";
		};
/* End PBXNativeTarget section */

/* Begin PBXProject section */
		AA1DCE9A1C87E0470088DD27 /* Project object */ = {
			isa = PBXProject;
			attributes = {
				LastSwiftUpdateCheck = 0720;
				LastUpgradeCheck = 0720;
				ORGANIZATIONNAME = codepath;
				TargetAttributes = {
					AA1DCEA11C87E0470088DD27 = {
						CreatedOnToolsVersion = 7.2.1;
						DevelopmentTeam = PM4FU5U68E;
					};
				};
			};
			buildConfigurationList = AA1DCE9D1C87E0470088DD27 /* Build configuration list for PBXProject "Tinder" */;
			compatibilityVersion = "Xcode 3.2";
			developmentRegion = English;
			hasScannedForEncodings = 0;
			knownRegions = (
				en,
				Base,
			);
			mainGroup = AA1DCE991C87E0470088DD27;
			productRefGroup = AA1DCEA31C87E0470088DD27 /* Products */;
			projectDirPath = "";
			projectRoot = "";
			targets = (
				AA1DCEA11C87E0470088DD27 /* Tinder */,
			);
		};
/* End PBXProject section */

/* Begin PBXResourcesBuildPhase section */
		AA1DCEA01C87E0470088DD27 /* Resources */ = {
			isa = PBXResourcesBuildPhase;
			buildActionMask = 2147483647;
			files = (
				AA1DCEB01C87E0470088DD27 /* LaunchScreen.storyboard in Resources */,
				AA1DCEAD1C87E0470088DD27 /* Assets.xcassets in Resources */,
				AA1DCEBC1C87E88A0088DD27 /* DraggableImageView.xib in Resources */,
				AA1DCEC01C87F3340088DD27 /* ProfileViewController.xib in Resources */,
				AA1DCEAB1C87E0470088DD27 /* Main.storyboard in Resources */,
			);
			runOnlyForDeploymentPostprocessing = 0;
		};
/* End PBXResourcesBuildPhase section */

/* Begin PBXSourcesBuildPhase section */
		AA1DCE9E1C87E0470088DD27 /* Sources */ = {
			isa = PBXSourcesBuildPhase;
			buildActionMask = 2147483647;
			files = (
				AA1DCEA81C87E0470088DD27 /* CardsViewController.swift in Sources */,
				AA1DCEBA1C87E6F70088DD27 /* DraggableImageView.swift in Sources */,
				AA1DCEBF1C87F3340088DD27 /* ProfileViewController.swift in Sources */,
				AA1DCEA61C87E0470088DD27 /* AppDelegate.swift in Sources */,
			);
			runOnlyForDeploymentPostprocessing = 0;
		};
/* End PBXSourcesBuildPhase section */

/* Begin PBXVariantGroup section */
		AA1DCEA91C87E0470088DD27 /* Main.storyboard */ = {
			isa = PBXVariantGroup;
			children = (
				AA1DCEAA1C87E0470088DD27 /* Base */,
			);
			name = Main.storyboard;
			sourceTree = "<group>";
		};
		AA1DCEAE1C87E0470088DD27 /* LaunchScreen.storyboard */ = {
			isa = PBXVariantGroup;
			children = (
				AA1DCEAF1C87E0470088DD27 /* Base */,
			);
			name = LaunchScreen.storyboard;
			sourceTree = "<group>";
		};
/* End PBXVariantGroup section */

/* Begin XCBuildConfiguration section */
		AA1DCEB21C87E0470088DD27 /* Debug */ = {
			isa = XCBuildConfiguration;
			buildSettings = {
				ALWAYS_SEARCH_USER_PATHS = NO;
				CLANG_CXX_LANGUAGE_STANDARD = "gnu++0x";
				CLANG_CXX_LIBRARY = "libc++";
				CLANG_ENABLE_MODULES = YES;
				CLANG_ENABLE_OBJC_ARC = YES;
				CLANG_WARN_BOOL_CONVERSION = YES;
				CLANG_WARN_CONSTANT_CONVERSION = YES;
				CLANG_WARN_DIRECT_OBJC_ISA_USAGE = YES_ERROR;
				CLANG_WARN_EMPTY_BODY = YES;
				CLANG_WARN_ENUM_CONVERSION = YES;
				CLANG_WARN_INT_CONVERSION = YES;
				CLANG_WARN_OBJC_ROOT_CLASS = YES_ERROR;
				CLANG_WARN_UNREACHABLE_CODE = YES;
				CLANG_WARN__DUPLICATE_METHOD_MATCH = YES;
				"CODE_SIGN_IDENTITY[sdk=iphoneos*]" = "iPhone Developer";
				COPY_PHASE_STRIP = NO;
				DEBUG_INFORMATION_FORMAT = dwarf;
				ENABLE_STRICT_OBJC_MSGSEND = YES;
				ENABLE_TESTABILITY = YES;
				GCC_C_LANGUAGE_STANDARD = gnu99;
				GCC_DYNAMIC_NO_PIC = NO;
				GCC_NO_COMMON_BLOCKS = YES;
				GCC_OPTIMIZATION_LEVEL = 0;
				GCC_PREPROCESSOR_DEFINITIONS = (
					"DEBUG=1",
					"$(inherited)",
				);
				GCC_WARN_64_TO_32_BIT_CONVERSION = YES;
				GCC_WARN_ABOUT_RETURN_TYPE = YES_ERROR;
				GCC_WARN_UNDECLARED_SELECTOR = YES;
				GCC_WARN_UNINITIALIZED_AUTOS = YES_AGGRESSIVE;
				GCC_WARN_UNUSED_FUNCTION = YES;
				GCC_WARN_UNUSED_VARIABLE = YES;
				IPHONEOS_DEPLOYMENT_TARGET = 9.2;
				MTL_ENABLE_DEBUG_INFO = YES;
				ONLY_ACTIVE_ARCH = YES;
				SDKROOT = iphoneos;
				SWIFT_OPTIMIZATION_LEVEL = "-Onone";
			};
			name = Debug;
		};
		AA1DCEB31C87E0470088DD27 /* Release */ = {
			isa = XCBuildConfiguration;
			buildSettings = {
				ALWAYS_SEARCH_USER_PATHS = NO;
				CLANG_CXX_LANGUAGE_STANDARD = "gnu++0x";
				CLANG_CXX_LIBRARY = "libc++";
				CLANG_ENABLE_MODULES = YES;
				CLANG_ENABLE_OBJC_ARC = YES;
				CLANG_WARN_BOOL_CONVERSION = YES;
				CLANG_WARN_CONSTANT_CONVERSION = YES;
				CLANG_WARN_DIRECT_OBJC_ISA_USAGE = YES_ERROR;
				CLANG_WARN_EMPTY_BODY = YES;
				CLANG_WARN_ENUM_CONVERSION = YES;
				CLANG_WARN_INT_CONVERSION = YES;
				CLANG_WARN_OBJC_ROOT_CLASS = YES_ERROR;
				CLANG_WARN_UNREACHABLE_CODE = YES;
				CLANG_WARN__DUPLICATE_METHOD_MATCH = YES;
				"CODE_SIGN_IDENTITY[sdk=iphoneos*]" = "iPhone Developer";
				COPY_PHASE_STRIP = NO;
				DEBUG_INFORMATION_FORMAT = "dwarf-with-dsym";
				ENABLE_NS_ASSERTIONS = NO;
				ENABLE_STRICT_OBJC_MSGSEND = YES;
				GCC_C_LANGUAGE_STANDARD = gnu99;
				GCC_NO_COMMON_BLOCKS = YES;
				GCC_WARN_64_TO_32_BIT_CONVERSION = YES;
				GCC_WARN_ABOUT_RETURN_TYPE = YES_ERROR;
				GCC_WARN_UNDECLARED_SELECTOR = YES;
				GCC_WARN_UNINITIALIZED_AUTOS = YES_AGGRESSIVE;
				GCC_WARN_UNUSED_FUNCTION = YES;
				GCC_WARN_UNUSED_VARIABLE = YES;
				IPHONEOS_DEPLOYMENT_TARGET = 9.2;
				MTL_ENABLE_DEBUG_INFO = NO;
				SDKROOT = iphoneos;
				VALIDATE_PRODUCT = YES;
			};
			name = Release;
		};
		AA1DCEB51C87E0470088DD27 /* Debug */ = {
			isa = XCBuildConfiguration;
			buildSettings = {
				ASSETCATALOG_COMPILER_APPICON_NAME = AppIcon;
				INFOPLIST_FILE = Tinder/Info.plist;
				LD_RUNPATH_SEARCH_PATHS = "$(inherited) @executable_path/Frameworks";
				PRODUCT_BUNDLE_IDENTIFIER = com.codepath.Tinder;
				PRODUCT_NAME = "$(TARGET_NAME)";
			};
			name = Debug;
		};
		AA1DCEB61C87E0470088DD27 /* Release */ = {
			isa = XCBuildConfiguration;
			buildSettings = {
				ASSETCATALOG_COMPILER_APPICON_NAME = AppIcon;
				INFOPLIST_FILE = Tinder/Info.plist;
				LD_RUNPATH_SEARCH_PATHS = "$(inherited) @executable_path/Frameworks";
				PRODUCT_BUNDLE_IDENTIFIER = com.codepath.Tinder;
				PRODUCT_NAME = "$(TARGET_NAME)";
			};
			name = Release;
		};
/* End XCBuildConfiguration section */

/* Begin XCConfigurationList section */
		AA1DCE9D1C87E0470088DD27 /* Build configuration list for PBXProject "Tinder" */ = {
			isa = XCConfigurationList;
			buildConfigurations = (
				AA1DCEB21C87E0470088DD27 /* Debug */,
				AA1DCEB31C87E0470088DD27 /* Release */,
			);
			defaultConfigurationIsVisible = 0;
			defaultConfigurationName = Release;
		};
		AA1DCEB41C87E0470088DD27 /* Build configuration list for PBXNativeTarget "Tinder" */ = {
			isa = XCConfigurationList;
			buildConfigurations = (
				AA1DCEB51C87E0470088DD27 /* Debug */,
				AA1DCEB61C87E0470088DD27 /* Release */,
			);
			defaultConfigurationIsVisible = 0;
		};
/* End XCConfigurationList section */
	};
	rootObject = AA1DCE9A1C87E0470088DD27 /* Project object */;
}
